
Microsoft Visual Studio Solution File, Format Version 12.00
# Visual Studio 15
VisualStudioVersion = 15.0.28307.489
MinimumVisualStudioVersion = 10.0.40219.1
Project("{FAE04EC0-301F-11D3-BF4B-00C04F79EFBC}") = "FriendOrganizer.UI", "FriendOrganizer.UI\FriendOrganizer.UI.csproj", "{61F9FDB9-2452-4D87-BAE0-900F3A699502}"
EndProject
Project("{FAE04EC0-301F-11D3-BF4B-00C04F79EFBC}") = "FriendOrganizer.DataAccess", "FriendOrganizer.DataAccess\FriendOrganizer.DataAccess.csproj", "{467FAEF6-BF6A-4CB9-A5AF-A65AAD9305F1}"
EndProject
Project("{FAE04EC0-301F-11D3-BF4B-00C04F79EFBC}") = "FriendOrganizer.Model", "FriendOrganizer.Model\FriendOrganizer.Model.csproj", "{6BEA54F1-AAC9-4123-B031-F81BD239C94D}"
EndProject
Global
	GlobalSection(SolutionConfigurationPlatforms) = preSolution
		Debug|Any CPU = Debug|Any CPU
		Release|Any CPU = Release|Any CPU
	EndGlobalSection
	GlobalSection(ProjectConfigurationPlatforms) = postSolution
		{61F9FDB9-2452-4D87-BAE0-900F3A699502}.Debug|Any CPU.ActiveCfg = Debug|Any CPU
		{61F9FDB9-2452-4D87-BAE0-900F3A699502}.Debug|Any CPU.Build.0 = Debug|Any CPU
		{61F9FDB9-2452-4D87-BAE0-900F3A699502}.Release|Any CPU.ActiveCfg = Release|Any CPU
		{61F9FDB9-2452-4D87-BAE0-900F3A699502}.Release|Any CPU.Build.0 = Release|Any CPU
		{467FAEF6-BF6A-4CB9-A5AF-A65AAD9305F1}.Debug|Any CPU.ActiveCfg = Debug|Any CPU
		{467FAEF6-BF6A-4CB9-A5AF-A65AAD9305F1}.Debug|Any CPU.Build.0 = Debug|Any CPU
		{467FAEF6-BF6A-4CB9-A5AF-A65AAD9305F1}.Release|Any CPU.ActiveCfg = Release|Any CPU
		{467FAEF6-BF6A-4CB9-A5AF-A65AAD9305F1}.Release|Any CPU.Build.0 = Release|Any CPU
		{6BEA54F1-AAC9-4123-B031-F81BD239C94D}.Debug|Any CPU.ActiveCfg = Debug|Any CPU
		{6BEA54F1-AAC9-4123-B031-F81BD239C94D}.Debug|Any CPU.Build.0 = Debug|Any CPU
		{6BEA54F1-AAC9-4123-B031-F81BD239C94D}.Release|Any CPU.ActiveCfg = Release|Any CPU
		{6BEA54F1-AAC9-4123-B031-F81BD239C94D}.Release|Any CPU.Build.0 = Release|Any CPU
	EndGlobalSection
	GlobalSection(SolutionProperties) = preSolution
		HideSolutionNode = FALSE
	EndGlobalSection
	GlobalSection(ExtensibilityGlobals) = postSolution
		SolutionGuid = {36361ED2-C1F7-4B17-BDBC-E34EAB51D3A6}
	EndGlobalSection
EndGlobal
